
Microsoft Visual Studio Solution File, Format Version 12.00
# Visual Studio 15
VisualStudioVersion = 15.0.28010.2050
MinimumVisualStudioVersion = 10.0.40219.1
Project("{888888A0-9F3D-457C-B088-3A5042F75D52}") = "Basics", "Parser1\Basics.pyproj", "{61220509-A9DC-4D61-A3D8-48B86BF9913E}"
EndProject
Project("{888888A0-9F3D-457C-B088-3A5042F75D52}") = "Table-parsing", "Table-parsing\Table-parsing.pyproj", "{C7FF8A62-518A-4581-A8FA-FED59EBCB434}"
EndProject
Project("{888888A0-9F3D-457C-B088-3A5042F75D52}") = "Multiple_Page(olx)", "Multiple_Page(olx)\Multiple_Page(olx).pyproj", "{FD7EE27F-5288-43CA-A9D8-AE46192A54AE}"
EndProject
Project("{888888A0-9F3D-457C-B088-3A5042F75D52}") = "Multiple_Page(coinmarket)", "Multiple_Page(coinmarket)\Multiple_Page(coinmarket).pyproj", "{1669DE68-870C-49AB-9CFC-991E4A89D629}"
EndProject
Global
	GlobalSection(SolutionConfigurationPlatforms) = preSolution
		Debug|Any CPU = Debug|Any CPU
		Debug|x64 = Debug|x64
		Debug|x86 = Debug|x86
		Release|Any CPU = Release|Any CPU
		Release|x64 = Release|x64
		Release|x86 = Release|x86
	EndGlobalSection
	GlobalSection(ProjectConfigurationPlatforms) = postSolution
		{61220509-A9DC-4D61-A3D8-48B86BF9913E}.Debug|Any CPU.ActiveCfg = Debug|Any CPU
		{61220509-A9DC-4D61-A3D8-48B86BF9913E}.Debug|x64.ActiveCfg = Debug|Any CPU
		{61220509-A9DC-4D61-A3D8-48B86BF9913E}.Debug|x86.ActiveCfg = Debug|Any CPU
		{61220509-A9DC-4D61-A3D8-48B86BF9913E}.Release|Any CPU.ActiveCfg = Release|Any CPU
		{61220509-A9DC-4D61-A3D8-48B86BF9913E}.Release|x64.ActiveCfg = Release|Any CPU
		{61220509-A9DC-4D61-A3D8-48B86BF9913E}.Release|x86.ActiveCfg = Release|Any CPU
		{C7FF8A62-518A-4581-A8FA-FED59EBCB434}.Debug|Any CPU.ActiveCfg = Debug|Any CPU
		{C7FF8A62-518A-4581-A8FA-FED59EBCB434}.Debug|x64.ActiveCfg = Debug|Any CPU
		{C7FF8A62-518A-4581-A8FA-FED59EBCB434}.Debug|x86.ActiveCfg = Debug|Any CPU
		{C7FF8A62-518A-4581-A8FA-FED59EBCB434}.Release|Any CPU.ActiveCfg = Release|Any CPU
		{C7FF8A62-518A-4581-A8FA-FED59EBCB434}.Release|x64.ActiveCfg = Release|Any CPU
		{C7FF8A62-518A-4581-A8FA-FED59EBCB434}.Release|x86.ActiveCfg = Release|Any CPU
		{FD7EE27F-5288-43CA-A9D8-AE46192A54AE}.Debug|Any CPU.ActiveCfg = Debug|Any CPU
		{FD7EE27F-5288-43CA-A9D8-AE46192A54AE}.Debug|x64.ActiveCfg = Debug|Any CPU
		{FD7EE27F-5288-43CA-A9D8-AE46192A54AE}.Debug|x86.ActiveCfg = Debug|Any CPU
		{FD7EE27F-5288-43CA-A9D8-AE46192A54AE}.Release|Any CPU.ActiveCfg = Release|Any CPU
		{FD7EE27F-5288-43CA-A9D8-AE46192A54AE}.Release|x64.ActiveCfg = Release|Any CPU
		{FD7EE27F-5288-43CA-A9D8-AE46192A54AE}.Release|x86.ActiveCfg = Release|Any CPU
		{1669DE68-870C-49AB-9CFC-991E4A89D629}.Debug|Any CPU.ActiveCfg = Debug|Any CPU
		{1669DE68-870C-49AB-9CFC-991E4A89D629}.Debug|x64.ActiveCfg = Debug|Any CPU
		{1669DE68-870C-49AB-9CFC-991E4A89D629}.Debug|x86.ActiveCfg = Debug|Any CPU
		{1669DE68-870C-49AB-9CFC-991E4A89D629}.Release|Any CPU.ActiveCfg = Release|Any CPU
		{1669DE68-870C-49AB-9CFC-991E4A89D629}.Release|x64.ActiveCfg = Release|Any CPU
		{1669DE68-870C-49AB-9CFC-991E4A89D629}.Release|x86.ActiveCfg = Release|Any CPU
	EndGlobalSection
	GlobalSection(SolutionProperties) = preSolution
		HideSolutionNode = FALSE
	EndGlobalSection
	GlobalSection(ExtensibilityGlobals) = postSolution
		SolutionGuid = {144AA032-A710-49B8-A15E-8109D8A95133}
	EndGlobalSection
EndGlobal
